
Microsoft Visual Studio Solution File, Format Version 12.00
# Visual Studio 15
VisualStudioVersion = 15.0.27703.2042
MinimumVisualStudioVersion = 10.0.40219.1
Project("{FAE04EC0-301F-11D3-BF4B-00C04F79EFBC}") = "Comp5202 Test1 q3", "Comp5202 Test1 q3\Comp5202 Test1 q3.csproj", "{42B6D157-F752-4FF2-ADE4-7628ED9C126F}"
EndProject
Global
	GlobalSection(SolutionConfigurationPlatforms) = preSolution
		Debug|Any CPU = Debug|Any CPU
		Release|Any CPU = Release|Any CPU
	EndGlobalSection
	GlobalSection(ProjectConfigurationPlatforms) = postSolution
		{42B6D157-F752-4FF2-ADE4-7628ED9C126F}.Debug|Any CPU.ActiveCfg = Debug|Any CPU
		{42B6D157-F752-4FF2-ADE4-7628ED9C126F}.Debug|Any CPU.Build.0 = Debug|Any CPU
		{42B6D157-F752-4FF2-ADE4-7628ED9C126F}.Release|Any CPU.ActiveCfg = Release|Any CPU
		{42B6D157-F752-4FF2-ADE4-7628ED9C126F}.Release|Any CPU.Build.0 = Release|Any CPU
	EndGlobalSection
	GlobalSection(SolutionProperties) = preSolution
		HideSolutionNode = FALSE
	EndGlobalSection
	GlobalSection(ExtensibilityGlobals) = postSolution
		SolutionGuid = {1BE7B667-BEB5-4C13-A1DD-CF9A95B6FC59}
	EndGlobalSection
EndGlobal
